
Microsoft Visual Studio Solution File, Format Version 12.00
Project("{FAE04EC0-301F-11D3-BF4B-00C04F79EFBC}") = "SignalRTestDotNet", "SignalRTestDotNet\SignalRTestDotNet.csproj", "{DCAF78B7-945F-4308-9D88-F49638F6CC65}"
EndProject
Global
	GlobalSection(SolutionConfigurationPlatforms) = preSolution
		Debug|Any CPU = Debug|Any CPU
		Release|Any CPU = Release|Any CPU
	EndGlobalSection
	GlobalSection(ProjectConfigurationPlatforms) = postSolution
		{DCAF78B7-945F-4308-9D88-F49638F6CC65}.Debug|Any CPU.ActiveCfg = Debug|Any CPU
		{DCAF78B7-945F-4308-9D88-F49638F6CC65}.Debug|Any CPU.Build.0 = Debug|Any CPU
		{DCAF78B7-945F-4308-9D88-F49638F6CC65}.Release|Any CPU.ActiveCfg = Release|Any CPU
		{DCAF78B7-945F-4308-9D88-F49638F6CC65}.Release|Any CPU.Build.0 = Release|Any CPU
	EndGlobalSection
EndGlobal
